
Microsoft Visual Studio Solution File, Format Version 12.00
# Visual Studio 15
VisualStudioVersion = 15.0.28307.106
MinimumVisualStudioVersion = 10.0.40219.1
Project("{FAE04EC0-301F-11D3-BF4B-00C04F79EFBC}") = "RESCommonAPP", "RESCommonAPP\RESCommonAPP.csproj", "{9A157028-9697-428B-A806-E7FAD2455992}"
EndProject
Project("{FAE04EC0-301F-11D3-BF4B-00C04F79EFBC}") = "RESCommonBll", "RESCommonBll\RESCommonBll.csproj", "{80E893BF-EC51-40B1-8E24-7D5726DB7CD1}"
EndProject
Project("{FAE04EC0-301F-11D3-BF4B-00C04F79EFBC}") = "RESCommonModel", "RESCommonModel\RESCommonModel.csproj", "{F3CDF504-86D9-426E-8A59-5B6FEA957056}"
EndProject
Project("{FAE04EC0-301F-11D3-BF4B-00C04F79EFBC}") = "RESCommonDal", "RESCommonDal\RESCommonDal.csproj", "{F1A146CF-3227-487E-A593-14F2DBFF1C7E}"
EndProject
Global
	GlobalSection(SolutionConfigurationPlatforms) = preSolution
		Debug|Any CPU = Debug|Any CPU
		Release|Any CPU = Release|Any CPU
	EndGlobalSection
	GlobalSection(ProjectConfigurationPlatforms) = postSolution
		{9A157028-9697-428B-A806-E7FAD2455992}.Debug|Any CPU.ActiveCfg = Debug|Any CPU
		{9A157028-9697-428B-A806-E7FAD2455992}.Debug|Any CPU.Build.0 = Debug|Any CPU
		{9A157028-9697-428B-A806-E7FAD2455992}.Release|Any CPU.ActiveCfg = Release|Any CPU
		{9A157028-9697-428B-A806-E7FAD2455992}.Release|Any CPU.Build.0 = Release|Any CPU
		{80E893BF-EC51-40B1-8E24-7D5726DB7CD1}.Debug|Any CPU.ActiveCfg = Debug|Any CPU
		{80E893BF-EC51-40B1-8E24-7D5726DB7CD1}.Debug|Any CPU.Build.0 = Debug|Any CPU
		{80E893BF-EC51-40B1-8E24-7D5726DB7CD1}.Release|Any CPU.ActiveCfg = Release|Any CPU
		{80E893BF-EC51-40B1-8E24-7D5726DB7CD1}.Release|Any CPU.Build.0 = Release|Any CPU
		{F3CDF504-86D9-426E-8A59-5B6FEA957056}.Debug|Any CPU.ActiveCfg = Debug|Any CPU
		{F3CDF504-86D9-426E-8A59-5B6FEA957056}.Debug|Any CPU.Build.0 = Debug|Any CPU
		{F3CDF504-86D9-426E-8A59-5B6FEA957056}.Release|Any CPU.ActiveCfg = Release|Any CPU
		{F3CDF504-86D9-426E-8A59-5B6FEA957056}.Release|Any CPU.Build.0 = Release|Any CPU
		{F1A146CF-3227-487E-A593-14F2DBFF1C7E}.Debug|Any CPU.ActiveCfg = Debug|Any CPU
		{F1A146CF-3227-487E-A593-14F2DBFF1C7E}.Debug|Any CPU.Build.0 = Debug|Any CPU
		{F1A146CF-3227-487E-A593-14F2DBFF1C7E}.Release|Any CPU.ActiveCfg = Release|Any CPU
		{F1A146CF-3227-487E-A593-14F2DBFF1C7E}.Release|Any CPU.Build.0 = Release|Any CPU
	EndGlobalSection
	GlobalSection(SolutionProperties) = preSolution
		HideSolutionNode = FALSE
	EndGlobalSection
	GlobalSection(ExtensibilityGlobals) = postSolution
		SolutionGuid = {646133CB-B918-455F-BF0F-4D72D3F24793}
	EndGlobalSection
EndGlobal
